// !$*UTF8*$!
{
	archiveVersion = 1;
	classes = {
	};
	objectVersion = 46;
	objects = {

/* Begin PBXBuildFile section */
		840C335F1ECEE18F00A3AE08 /* NavigationStoryVC.swift in Sources */ = {isa = PBXBuildFile; fileRef = 840C335E1ECEE18F00A3AE08 /* NavigationStoryVC.swift */; };
		841F5E6E1EC6CE0B002D342D /* StartingVC.swift in Sources */ = {isa = PBXBuildFile; fileRef = 841F5E6D1EC6CE0B002D342D /* StartingVC.swift */; };
		841F5E701EC6D81A002D342D /* Extension.swift in Sources */ = {isa = PBXBuildFile; fileRef = 841F5E6F1EC6D81A002D342D /* Extension.swift */; };
		844E6C1B1EC640D0008D6E2D /* AppDelegate.swift in Sources */ = {isa = PBXBuildFile; fileRef = 844E6C1A1EC640D0008D6E2D /* AppDelegate.swift */; };
		844E6C1D1EC640D0008D6E2D /* WardrobeTableVC.swift in Sources */ = {isa = PBXBuildFile; fileRef = 844E6C1C1EC640D0008D6E2D /* WardrobeTableVC.swift */; };
		844E6C201EC640D0008D6E2D /* Main.storyboard in Resources */ = {isa = PBXBuildFile; fileRef = 844E6C1E1EC640D0008D6E2D /* Main.storyboard */; };
		844E6C221EC640D0008D6E2D /* Assets.xcassets in Resources */ = {isa = PBXBuildFile; fileRef = 844E6C211EC640D0008D6E2D /* Assets.xcassets */; };
		844E6C251EC640D0008D6E2D /* LaunchScreen.storyboard in Resources */ = {isa = PBXBuildFile; fileRef = 844E6C231EC640D0008D6E2D /* LaunchScreen.storyboard */; };
		8484A5D61EC64914006B54AE /* TableCell.swift in Sources */ = {isa = PBXBuildFile; fileRef = 8484A5D51EC64914006B54AE /* TableCell.swift */; };
		8484A5D81EC649C8006B54AE /*  Clothes.swift in Sources */ = {isa = PBXBuildFile; fileRef = 8484A5D71EC649C8006B54AE /*  Clothes.swift */; };
		8484A5DC1EC6533B006B54AE /* WardrobeModel.swift in Sources */ = {isa = PBXBuildFile; fileRef = 8484A5DB1EC6533B006B54AE /* WardrobeModel.swift */; };
		8484A5E11EC6569C006B54AE /* WardrobeCollectionVC.swift in Sources */ = {isa = PBXBuildFile; fileRef = 8484A5E01EC6569C006B54AE /* WardrobeCollectionVC.swift */; };
		84E837031EC7071B0041C36B /* CollectionCell.swift in Sources */ = {isa = PBXBuildFile; fileRef = 84E837021EC7071B0041C36B /* CollectionCell.swift */; };
		84E837051EC70F540041C36B /* PictureDataVC.swift in Sources */ = {isa = PBXBuildFile; fileRef = 84E837041EC70F540041C36B /* PictureDataVC.swift */; };
		84F8AAFA1EC99A3500617562 /* ManekenVC.swift in Sources */ = {isa = PBXBuildFile; fileRef = 84F8AAF91EC99A3500617562 /* ManekenVC.swift */; };
		84F8AAFC1EC99EC000617562 /* NetworkModel.swift in Sources */ = {isa = PBXBuildFile; fileRef = 84F8AAFB1EC99EC000617562 /* NetworkModel.swift */; };
/* End PBXBuildFile section */

/* Begin PBXFileReference section */
		840C335E1ECEE18F00A3AE08 /* NavigationStoryVC.swift */ = {isa = PBXFileReference; fileEncoding = 4; lastKnownFileType = sourcecode.swift; path = NavigationStoryVC.swift; sourceTree = "<group>"; };
		841F5E6D1EC6CE0B002D342D /* StartingVC.swift */ = {isa = PBXFileReference; fileEncoding = 4; lastKnownFileType = sourcecode.swift; path = StartingVC.swift; sourceTree = "<group>"; };
		841F5E6F1EC6D81A002D342D /* Extension.swift */ = {isa = PBXFileReference; fileEncoding = 4; lastKnownFileType = sourcecode.swift; path = Extension.swift; sourceTree = "<group>"; };
		844E6C171EC640D0008D6E2D /* Wardrobe.app */ = {isa = PBXFileReference; explicitFileType = wrapper.application; includeInIndex = 0; path = Wardrobe.app; sourceTree = BUILT_PRODUCTS_DIR; };
		844E6C1A1EC640D0008D6E2D /* AppDelegate.swift */ = {isa = PBXFileReference; lastKnownFileType = sourcecode.swift; path = AppDelegate.swift; sourceTree = "<group>"; };
		844E6C1C1EC640D0008D6E2D /* WardrobeTableVC.swift */ = {isa = PBXFileReference; lastKnownFileType = sourcecode.swift; path = WardrobeTableVC.swift; sourceTree = "<group>"; };
		844E6C1F1EC640D0008D6E2D /* Base */ = {isa = PBXFileReference; lastKnownFileType = file.storyboard; name = Base; path = Base.lproj/Main.storyboard; sourceTree = "<group>"; };
		844E6C211EC640D0008D6E2D /* Assets.xcassets */ = {isa = PBXFileReference; lastKnownFileType = folder.assetcatalog; path = Assets.xcassets; sourceTree = "<group>"; };
		844E6C241EC640D0008D6E2D /* Base */ = {isa = PBXFileReference; lastKnownFileType = file.storyboard; name = Base; path = Base.lproj/LaunchScreen.storyboard; sourceTree = "<group>"; };
		844E6C261EC640D0008D6E2D /* Info.plist */ = {isa = PBXFileReference; lastKnownFileType = text.plist.xml; path = Info.plist; sourceTree = "<group>"; };
		8484A5D51EC64914006B54AE /* TableCell.swift */ = {isa = PBXFileReference; fileEncoding = 4; lastKnownFileType = sourcecode.swift; path = TableCell.swift; sourceTree = "<group>"; };
		8484A5D71EC649C8006B54AE /*  Clothes.swift */ = {isa = PBXFileReference; fileEncoding = 4; lastKnownFileType = sourcecode.swift; path = " Clothes.swift"; sourceTree = "<group>"; };
		8484A5DB1EC6533B006B54AE /* WardrobeModel.swift */ = {isa = PBXFileReference; fileEncoding = 4; lastKnownFileType = sourcecode.swift; path = WardrobeModel.swift; sourceTree = "<group>"; };
		8484A5E01EC6569C006B54AE /* WardrobeCollectionVC.swift */ = {isa = PBXFileReference; fileEncoding = 4; lastKnownFileType = sourcecode.swift; path = WardrobeCollectionVC.swift; sourceTree = "<group>"; };
		84E837021EC7071B0041C36B /* CollectionCell.swift */ = {isa = PBXFileReference; fileEncoding = 4; lastKnownFileType = sourcecode.swift; path = CollectionCell.swift; sourceTree = "<group>"; };
		84E837041EC70F540041C36B /* PictureDataVC.swift */ = {isa = PBXFileReference; fileEncoding = 4; lastKnownFileType = sourcecode.swift; path = PictureDataVC.swift; sourceTree = "<group>"; };
		84F8AAF91EC99A3500617562 /* ManekenVC.swift */ = {isa = PBXFileReference; fileEncoding = 4; lastKnownFileType = sourcecode.swift; path = ManekenVC.swift; sourceTree = "<group>"; };
		84F8AAFB1EC99EC000617562 /* NetworkModel.swift */ = {isa = PBXFileReference; fileEncoding = 4; lastKnownFileType = sourcecode.swift; path = NetworkModel.swift; sourceTree = "<group>"; };
/* End PBXFileReference section */

/* Begin PBXFrameworksBuildPhase section */
		844E6C141EC640D0008D6E2D /* Frameworks */ = {
			isa = PBXFrameworksBuildPhase;
			buildActionMask = 2147483647;
			files = (
			);
			runOnlyForDeploymentPostprocessing = 0;
		};
/* End PBXFrameworksBuildPhase section */

/* Begin PBXGroup section */
		844E6C0E1EC640D0008D6E2D = {
			isa = PBXGroup;
			children = (
				844E6C191EC640D0008D6E2D /* Wardrobe */,
				844E6C181EC640D0008D6E2D /* Products */,
			);
			sourceTree = "<group>";
		};
		844E6C181EC640D0008D6E2D /* Products */ = {
			isa = PBXGroup;
			children = (
				844E6C171EC640D0008D6E2D /* Wardrobe.app */,
			);
			name = Products;
			sourceTree = "<group>";
		};
		844E6C191EC640D0008D6E2D /* Wardrobe */ = {
			isa = PBXGroup;
			children = (
				844E6C1E1EC640D0008D6E2D /* Main.storyboard */,
				844E6C2C1EC640F5008D6E2D /* Controller */,
				844E6C2D1EC64112008D6E2D /* Support */,
				84F8AAFD1EC9A04E00617562 /* IB */,
				844E6C211EC640D0008D6E2D /* Assets.xcassets */,
				844E6C231EC640D0008D6E2D /* LaunchScreen.storyboard */,
				844E6C261EC640D0008D6E2D /* Info.plist */,
			);
			path = Wardrobe;
			sourceTree = "<group>";
		};
		844E6C2C1EC640F5008D6E2D /* Controller */ = {
			isa = PBXGroup;
			children = (
				8484A5DF1EC653CE006B54AE /* Main */,
				8484A5DE1EC653BB006B54AE /* Cell */,
				8484A5DD1EC653A7006B54AE /* Model */,
			);
			name = Controller;
			sourceTree = "<group>";
		};
		844E6C2D1EC64112008D6E2D /* Support */ = {
			isa = PBXGroup;
			children = (
				841F5E6F1EC6D81A002D342D /* Extension.swift */,
				844E6C1A1EC640D0008D6E2D /* AppDelegate.swift */,
			);
			name = Support;
			sourceTree = "<group>";
		};
		8484A5DD1EC653A7006B54AE /* Model */ = {
			isa = PBXGroup;
			children = (
				8484A5DB1EC6533B006B54AE /* WardrobeModel.swift */,
				84F8AAFB1EC99EC000617562 /* NetworkModel.swift */,
				8484A5D71EC649C8006B54AE /*  Clothes.swift */,
			);
			name = Model;
			sourceTree = "<group>";
		};
		8484A5DE1EC653BB006B54AE /* Cell */ = {
			isa = PBXGroup;
			children = (
				8484A5D51EC64914006B54AE /* TableCell.swift */,
				84E837021EC7071B0041C36B /* CollectionCell.swift */,
			);
			name = Cell;
			sourceTree = "<group>";
		};
		8484A5DF1EC653CE006B54AE /* Main */ = {
			isa = PBXGroup;
			children = (
				840C335E1ECEE18F00A3AE08 /* NavigationStoryVC.swift */,
				84F8AAF91EC99A3500617562 /* ManekenVC.swift */,
				841F5E6D1EC6CE0B002D342D /* StartingVC.swift */,
				844E6C1C1EC640D0008D6E2D /* WardrobeTableVC.swift */,
				8484A5E01EC6569C006B54AE /* WardrobeCollectionVC.swift */,
				84E837041EC70F540041C36B /* PictureDataVC.swift */,
			);
			name = Main;
			sourceTree = "<group>";
		};
		84F8AAFD1EC9A04E00617562 /* IB */ = {
			isa = PBXGroup;
			children = (
			);
			name = IB;
			sourceTree = "<group>";
		};
/* End PBXGroup section */

/* Begin PBXNativeTarget section */
		844E6C161EC640D0008D6E2D /* Wardrobe */ = {
			isa = PBXNativeTarget;
			buildConfigurationList = 844E6C291EC640D0008D6E2D /* Build configuration list for PBXNativeTarget "Wardrobe" */;
			buildPhases = (
				844E6C131EC640D0008D6E2D /* Sources */,
				844E6C141EC640D0008D6E2D /* Frameworks */,
				844E6C151EC640D0008D6E2D /* Resources */,
			);
			buildRules = (
			);
			dependencies = (
			);
			name = Wardrobe;
			productName = Wardrobe;
			productReference = 844E6C171EC640D0008D6E2D /* Wardrobe.app */;
			productType = "com.apple.product-type.application";
		};
/* End PBXNativeTarget section */

/* Begin PBXProject section */
		844E6C0F1EC640D0008D6E2D /* Project object */ = {
			isa = PBXProject;
			attributes = {
				LastSwiftUpdateCheck = 0830;
				LastUpgradeCheck = 0830;
				ORGANIZATIONNAME = admin;
				TargetAttributes = {
					844E6C161EC640D0008D6E2D = {
						CreatedOnToolsVersion = 8.3.2;
						DevelopmentTeam = 75P8CY8J24;
						ProvisioningStyle = Automatic;
					};
				};
			};
			buildConfigurationList = 844E6C121EC640D0008D6E2D /* Build configuration list for PBXProject "Wardrobe" */;
			compatibilityVersion = "Xcode 3.2";
			developmentRegion = English;
			hasScannedForEncodings = 0;
			knownRegions = (
				en,
				Base,
			);
			mainGroup = 844E6C0E1EC640D0008D6E2D;
			productRefGroup = 844E6C181EC640D0008D6E2D /* Products */;
			projectDirPath = "";
			projectRoot = "";
			targets = (
				844E6C161EC640D0008D6E2D /* Wardrobe */,
			);
		};
/* End PBXProject section */

/* Begin PBXResourcesBuildPhase section */
		844E6C151EC640D0008D6E2D /* Resources */ = {
			isa = PBXResourcesBuildPhase;
			buildActionMask = 2147483647;
			files = (
				844E6C251EC640D0008D6E2D /* LaunchScreen.storyboard in Resources */,
				844E6C221EC640D0008D6E2D /* Assets.xcassets in Resources */,
				844E6C201EC640D0008D6E2D /* Main.storyboard in Resources */,
			);
			runOnlyForDeploymentPostprocessing = 0;
		};
/* End PBXResourcesBuildPhase section */

/* Begin PBXSourcesBuildPhase section */
		844E6C131EC640D0008D6E2D /* Sources */ = {
			isa = PBXSourcesBuildPhase;
			buildActionMask = 2147483647;
			files = (
				84F8AAFC1EC99EC000617562 /* NetworkModel.swift in Sources */,
				8484A5E11EC6569C006B54AE /* WardrobeCollectionVC.swift in Sources */,
				8484A5DC1EC6533B006B54AE /* WardrobeModel.swift in Sources */,
				84E837031EC7071B0041C36B /* CollectionCell.swift in Sources */,
				841F5E6E1EC6CE0B002D342D /* StartingVC.swift in Sources */,
				840C335F1ECEE18F00A3AE08 /* NavigationStoryVC.swift in Sources */,
				8484A5D61EC64914006B54AE /* TableCell.swift in Sources */,
				84E837051EC70F540041C36B /* PictureDataVC.swift in Sources */,
				8484A5D81EC649C8006B54AE /*  Clothes.swift in Sources */,
				84F8AAFA1EC99A3500617562 /* ManekenVC.swift in Sources */,
				844E6C1D1EC640D0008D6E2D /* WardrobeTableVC.swift in Sources */,
				844E6C1B1EC640D0008D6E2D /* AppDelegate.swift in Sources */,
				841F5E701EC6D81A002D342D /* Extension.swift in Sources */,
			);
			runOnlyForDeploymentPostprocessing = 0;
		};
/* End PBXSourcesBuildPhase section */

/* Begin PBXVariantGroup section */
		844E6C1E1EC640D0008D6E2D /* Main.storyboard */ = {
			isa = PBXVariantGroup;
			children = (
				844E6C1F1EC640D0008D6E2D /* Base */,
			);
			name = Main.storyboard;
			sourceTree = "<group>";
		};
		844E6C231EC640D0008D6E2D /* LaunchScreen.storyboard */ = {
			isa = PBXVariantGroup;
			children = (
				844E6C241EC640D0008D6E2D /* Base */,
			);
			name = LaunchScreen.storyboard;
			sourceTree = "<group>";
		};
/* End PBXVariantGroup section */

/* Begin XCBuildConfiguration section */
		844E6C271EC640D0008D6E2D /* Debug */ = {
			isa = XCBuildConfiguration;
			buildSettings = {
				ALWAYS_SEARCH_USER_PATHS = NO;
				CLANG_ANALYZER_NONNULL = YES;
				CLANG_ANALYZER_NUMBER_OBJECT_CONVERSION = YES_AGGRESSIVE;
				CLANG_CXX_LANGUAGE_STANDARD = "gnu++0x";
				CLANG_CXX_LIBRARY = "libc++";
				CLANG_ENABLE_MODULES = YES;
				CLANG_ENABLE_OBJC_ARC = YES;
				CLANG_WARN_BOOL_CONVERSION = YES;
				CLANG_WARN_CONSTANT_CONVERSION = YES;
				CLANG_WARN_DIRECT_OBJC_ISA_USAGE = YES_ERROR;
				CLANG_WARN_DOCUMENTATION_COMMENTS = YES;
				CLANG_WARN_EMPTY_BODY = YES;
				CLANG_WARN_ENUM_CONVERSION = YES;
				CLANG_WARN_INFINITE_RECURSION = YES;
				CLANG_WARN_INT_CONVERSION = YES;
				CLANG_WARN_OBJC_ROOT_CLASS = YES_ERROR;
				CLANG_WARN_SUSPICIOUS_MOVE = YES;
				CLANG_WARN_UNREACHABLE_CODE = YES;
				CLANG_WARN__DUPLICATE_METHOD_MATCH = YES;
				"CODE_SIGN_IDENTITY[sdk=iphoneos*]" = "iPhone Developer";
				COPY_PHASE_STRIP = NO;
				DEBUG_INFORMATION_FORMAT = dwarf;
				ENABLE_STRICT_OBJC_MSGSEND = YES;
				ENABLE_TESTABILITY = YES;
				GCC_C_LANGUAGE_STANDARD = gnu99;
				GCC_DYNAMIC_NO_PIC = NO;
				GCC_NO_COMMON_BLOCKS = YES;
				GCC_OPTIMIZATION_LEVEL = 0;
				GCC_PREPROCESSOR_DEFINITIONS = (
					"DEBUG=1",
					"$(inherited)",
				);
				GCC_WARN_64_TO_32_BIT_CONVERSION = YES;
				GCC_WARN_ABOUT_RETURN_TYPE = YES_ERROR;
				GCC_WARN_UNDECLARED_SELECTOR = YES;
				GCC_WARN_UNINITIALIZED_AUTOS = YES_AGGRESSIVE;
				GCC_WARN_UNUSED_FUNCTION = YES;
				GCC_WARN_UNUSED_VARIABLE = YES;
				IPHONEOS_DEPLOYMENT_TARGET = 10.3;
				MTL_ENABLE_DEBUG_INFO = YES;
				ONLY_ACTIVE_ARCH = YES;
				SDKROOT = iphoneos;
				SWIFT_ACTIVE_COMPILATION_CONDITIONS = DEBUG;
				SWIFT_OPTIMIZATION_LEVEL = "-Onone";
			};
			name = Debug;
		};
		844E6C281EC640D0008D6E2D /* Release */ = {
			isa = XCBuildConfiguration;
			buildSettings = {
				ALWAYS_SEARCH_USER_PATHS = NO;
				CLANG_ANALYZER_NONNULL = YES;
				CLANG_ANALYZER_NUMBER_OBJECT_CONVERSION = YES_AGGRESSIVE;
				CLANG_CXX_LANGUAGE_STANDARD = "gnu++0x";
				CLANG_CXX_LIBRARY = "libc++";
				CLANG_ENABLE_MODULES = YES;
				CLANG_ENABLE_OBJC_ARC = YES;
				CLANG_WARN_BOOL_CONVERSION = YES;
				CLANG_WARN_CONSTANT_CONVERSION = YES;
				CLANG_WARN_DIRECT_OBJC_ISA_USAGE = YES_ERROR;
				CLANG_WARN_DOCUMENTATION_COMMENTS = YES;
				CLANG_WARN_EMPTY_BODY = YES;
				CLANG_WARN_ENUM_CONVERSION = YES;
				CLANG_WARN_INFINITE_RECURSION = YES;
				CLANG_WARN_INT_CONVERSION = YES;
				CLANG_WARN_OBJC_ROOT_CLASS = YES_ERROR;
				CLANG_WARN_SUSPICIOUS_MOVE = YES;
				CLANG_WARN_UNREACHABLE_CODE = YES;
				CLANG_WARN__DUPLICATE_METHOD_MATCH = YES;
				"CODE_SIGN_IDENTITY[sdk=iphoneos*]" = "iPhone Developer";
				COPY_PHASE_STRIP = NO;
				DEBUG_INFORMATION_FORMAT = "dwarf-with-dsym";
				ENABLE_NS_ASSERTIONS = NO;
				ENABLE_STRICT_OBJC_MSGSEND = YES;
				GCC_C_LANGUAGE_STANDARD = gnu99;
				GCC_NO_COMMON_BLOCKS = YES;
				GCC_WARN_64_TO_32_BIT_CONVERSION = YES;
				GCC_WARN_ABOUT_RETURN_TYPE = YES_ERROR;
				GCC_WARN_UNDECLARED_SELECTOR = YES;
				GCC_WARN_UNINITIALIZED_AUTOS = YES_AGGRESSIVE;
				GCC_WARN_UNUSED_FUNCTION = YES;
				GCC_WARN_UNUSED_VARIABLE = YES;
				IPHONEOS_DEPLOYMENT_TARGET = 10.3;
				MTL_ENABLE_DEBUG_INFO = NO;
				SDKROOT = iphoneos;
				SWIFT_OPTIMIZATION_LEVEL = "-Owholemodule";
				VALIDATE_PRODUCT = YES;
			};
			name = Release;
		};
		844E6C2A1EC640D0008D6E2D /* Debug */ = {
			isa = XCBuildConfiguration;
			buildSettings = {
				ASSETCATALOG_COMPILER_APPICON_NAME = AppIcon;
				DEVELOPMENT_TEAM = 75P8CY8J24;
				INFOPLIST_FILE = Wardrobe/Info.plist;
				LD_RUNPATH_SEARCH_PATHS = "$(inherited) @executable_path/Frameworks";
				PRODUCT_BUNDLE_IDENTIFIER = home.Wardrobe;
				PRODUCT_NAME = "$(TARGET_NAME)";
				SWIFT_VERSION = 3.0;
			};
			name = Debug;
		};
		844E6C2B1EC640D0008D6E2D /* Release */ = {
			isa = XCBuildConfiguration;
			buildSettings = {
				ASSETCATALOG_COMPILER_APPICON_NAME = AppIcon;
				DEVELOPMENT_TEAM = 75P8CY8J24;
				INFOPLIST_FILE = Wardrobe/Info.plist;
				LD_RUNPATH_SEARCH_PATHS = "$(inherited) @executable_path/Frameworks";
				PRODUCT_BUNDLE_IDENTIFIER = home.Wardrobe;
				PRODUCT_NAME = "$(TARGET_NAME)";
				SWIFT_VERSION = 3.0;
			};
			name = Release;
		};
/* End XCBuildConfiguration section */

/* Begin XCConfigurationList section */
		844E6C121EC640D0008D6E2D /* Build configuration list for PBXProject "Wardrobe" */ = {
			isa = XCConfigurationList;
			buildConfigurations = (
				844E6C271EC640D0008D6E2D /* Debug */,
				844E6C281EC640D0008D6E2D /* Release */,
			);
			defaultConfigurationIsVisible = 0;
			defaultConfigurationName = Release;
		};
		844E6C291EC640D0008D6E2D /* Build configuration list for PBXNativeTarget "Wardrobe" */ = {
			isa = XCConfigurationList;
			buildConfigurations = (
				844E6C2A1EC640D0008D6E2D /* Debug */,
				844E6C2B1EC640D0008D6E2D /* Release */,
			);
			defaultConfigurationIsVisible = 0;
			defaultConfigurationName = Release;
		};
/* End XCConfigurationList section */
	};
	rootObject = 844E6C0F1EC640D0008D6E2D /* Project object */;
}
